
Microsoft Visual Studio Solution File, Format Version 12.00
# Visual Studio Version 16
VisualStudioVersion = 16.0.30503.244
MinimumVisualStudioVersion = 10.0.40219.1
Project("{2150E333-8FDC-42A3-9474-1A3956D46DE8}") = "1 - Iniciante", "1 - Iniciante", "{D01E29BC-9E0C-4735-814A-9FC920D67621}"
EndProject
Project("{9A19103F-16F7-4668-BE54-9A1E7A4F7556}") = "1013 - O Maior", "1013 - O Maior\1013 - O Maior.csproj", "{3EB4A663-5BCA-4D88-A077-0216E068ED6C}"
EndProject
Project("{9A19103F-16F7-4668-BE54-9A1E7A4F7556}") = "1000 - HelloWord", "1000 - HelloWord\1000 - HelloWord.csproj", "{070A61D6-9101-46FF-9E4E-CFF86E9DBE92}"
EndProject
Project("{9A19103F-16F7-4668-BE54-9A1E7A4F7556}") = "1001 - ExtremamenteBasico", "1001 - ExtremamenteBasico\1001 - ExtremamenteBasico.csproj", "{14B40AAF-F18A-428E-9E78-CBE368EC9D81}"
EndProject
Project("{9A19103F-16F7-4668-BE54-9A1E7A4F7556}") = "1002 - AreaDoCirculo", "1002 - AreaDoCirculo\1002 - AreaDoCirculo.csproj", "{909B81E4-55D0-4D66-8407-421EE0E1B40D}"
EndProject
Project("{9A19103F-16F7-4668-BE54-9A1E7A4F7556}") = "1003 - SomaSimples", "1003 - SomaSimples\1003 - SomaSimples.csproj", "{C0ED52A6-F091-4C47-9EE1-3088C2502ED0}"
EndProject
Project("{9A19103F-16F7-4668-BE54-9A1E7A4F7556}") = "1004 - ProdutoSimples", "1004 - ProdutoSimples\1004 - ProdutoSimples.csproj", "{D6AF98C6-69D3-48B2-A7B0-0A18FCCFEC21}"
EndProject
Project("{9A19103F-16F7-4668-BE54-9A1E7A4F7556}") = "1005 - Media1", "1005 - Media1\1005 - Media1.csproj", "{6F633515-B5B9-40B6-B841-F60EDA2C8BB2}"
EndProject
Project("{9A19103F-16F7-4668-BE54-9A1E7A4F7556}") = "1006 - Media2", "1006 - Media2\1006 - Media2.csproj", "{29068E84-078B-40BA-8A9B-FCBA6D4002E7}"
EndProject
Project("{9A19103F-16F7-4668-BE54-9A1E7A4F7556}") = "1007 - Diferenca", "1007 - Diferenca\1007 - Diferenca.csproj", "{3416CC9D-A43E-4F2D-A589-ACE44E446FDF}"
EndProject
Project("{9A19103F-16F7-4668-BE54-9A1E7A4F7556}") = "1008 - Salario", "1008 - Salario\1008 - Salario.csproj", "{E6C7EBD1-2694-444B-8797-03E6DD6D639E}"
EndProject
Project("{9A19103F-16F7-4668-BE54-9A1E7A4F7556}") = "1009 - SalarioComBonus", "1009 - SalarioComBonus\1009 - SalarioComBonus.csproj", "{11167F61-FDE7-44D7-873E-BDD235D41401}"
EndProject
Project("{9A19103F-16F7-4668-BE54-9A1E7A4F7556}") = "1010 - CalculoSimples", "1010 - CalculoSimples\1010 - CalculoSimples.csproj", "{6BC40CB9-E010-467D-881E-03ED5AF80A8E}"
EndProject
Project("{9A19103F-16F7-4668-BE54-9A1E7A4F7556}") = "1011 - Esfera", "1011 - Esfera\1011 - Esfera.csproj", "{C9CE8F43-5CF3-40CB-AFA6-22DCA7F47203}"
EndProject
Project("{9A19103F-16F7-4668-BE54-9A1E7A4F7556}") = "1012 - Area", "1012 - Area\1012 - Area.csproj", "{A3B39F60-685C-4366-A2F2-BAF04997FC01}"
EndProject
Project("{9A19103F-16F7-4668-BE54-9A1E7A4F7556}") = "1014 - Consumo", "1014 - Consumo\1014 - Consumo.csproj", "{C2BFE712-2B55-48A1-972D-632749A698B0}"
EndProject
Project("{9A19103F-16F7-4668-BE54-9A1E7A4F7556}") = "1015 - Distancia Entre Dois Pontos", "1015 - Distancia Entre Dois Pontos\1015 - Distancia Entre Dois Pontos.csproj", "{ADAC2644-BC38-4027-8B95-175BD69EBC7F}"
EndProject
Project("{9A19103F-16F7-4668-BE54-9A1E7A4F7556}") = "1016 - Distância", "1016 - Distância\1016 - Distância.csproj", "{2446EB36-2815-4F12-BC94-C592D85B384D}"
EndProject
Project("{9A19103F-16F7-4668-BE54-9A1E7A4F7556}") = "1017 - Gasto de Combustível", "1017 - Gasto de Combustível\1017 - Gasto de Combustível.csproj", "{4A7E7619-2DA2-485A-A783-BC089A10A60E}"
EndProject
Project("{9A19103F-16F7-4668-BE54-9A1E7A4F7556}") = "1018 - Cedulas", "1018 - Cedulas\1018 - Cedulas.csproj", "{51D9C40C-107A-484F-BEFA-A1879A29A271}"
EndProject
Project("{9A19103F-16F7-4668-BE54-9A1E7A4F7556}") = "1019 - Conversao de Tempo", "1019 - Conversao de Tempo\1019 - Conversao de Tempo.csproj", "{01D82D0F-E19A-4421-8475-36B41C2BBC5F}"
EndProject
Project("{9A19103F-16F7-4668-BE54-9A1E7A4F7556}") = "1020 - Idade em Dias", "1020 - Idade em Dias\1020 - Idade em Dias.csproj", "{B7EEB480-3673-4E58-B8C8-6506DA09B734}"
EndProject
Project("{9A19103F-16F7-4668-BE54-9A1E7A4F7556}") = "1021 - Notas e Moedas", "1021 - Notas e Moedas\1021 - Notas e Moedas.csproj", "{CEA58390-DC29-4E5B-8A6A-205E3DD79CF9}"
EndProject
Project("{9A19103F-16F7-4668-BE54-9A1E7A4F7556}") = "1035 - Teste de selecao 1", "1035 - Teste de selecao 1\1035 - Teste de selecao 1.csproj", "{722779FA-0BB0-48AB-921C-ED7498BD1928}"
EndProject
Project("{9A19103F-16F7-4668-BE54-9A1E7A4F7556}") = "1036 - Fórmula de bhaskara", "1036 - Fórmula de bhaskara\1036 - Fórmula de bhaskara.csproj", "{55A4CD1A-5BC1-4ED9-B9A7-C3715A23D8DC}"
EndProject
Project("{9A19103F-16F7-4668-BE54-9A1E7A4F7556}") = "1037 - Intervalo", "1037 - Intervalo\1037 - Intervalo.csproj", "{A97AF588-C855-41A5-A99C-BF9D75035003}"
EndProject
Project("{9A19103F-16F7-4668-BE54-9A1E7A4F7556}") = "1038 - Lanche", "1038 - Lanche\1038 - Lanche.csproj", "{E607D202-2094-49DF-BB26-4F2140C5181B}"
EndProject
Project("{FAE04EC0-301F-11D3-BF4B-00C04F79EFBC}") = "1040 - Media3", "1040 - Media3\1040 - Media3.csproj", "{08A64DC6-7C78-4B3D-9F50-77099BFDA749}"
EndProject
Global
	GlobalSection(SolutionConfigurationPlatforms) = preSolution
		Debug|Any CPU = Debug|Any CPU
		Release|Any CPU = Release|Any CPU
	EndGlobalSection
	GlobalSection(ProjectConfigurationPlatforms) = postSolution
		{3EB4A663-5BCA-4D88-A077-0216E068ED6C}.Debug|Any CPU.ActiveCfg = Debug|Any CPU
		{3EB4A663-5BCA-4D88-A077-0216E068ED6C}.Debug|Any CPU.Build.0 = Debug|Any CPU
		{3EB4A663-5BCA-4D88-A077-0216E068ED6C}.Release|Any CPU.ActiveCfg = Release|Any CPU
		{3EB4A663-5BCA-4D88-A077-0216E068ED6C}.Release|Any CPU.Build.0 = Release|Any CPU
		{070A61D6-9101-46FF-9E4E-CFF86E9DBE92}.Debug|Any CPU.ActiveCfg = Debug|Any CPU
		{070A61D6-9101-46FF-9E4E-CFF86E9DBE92}.Debug|Any CPU.Build.0 = Debug|Any CPU
		{070A61D6-9101-46FF-9E4E-CFF86E9DBE92}.Release|Any CPU.ActiveCfg = Release|Any CPU
		{070A61D6-9101-46FF-9E4E-CFF86E9DBE92}.Release|Any CPU.Build.0 = Release|Any CPU
		{14B40AAF-F18A-428E-9E78-CBE368EC9D81}.Debug|Any CPU.ActiveCfg = Debug|Any CPU
		{14B40AAF-F18A-428E-9E78-CBE368EC9D81}.Debug|Any CPU.Build.0 = Debug|Any CPU
		{14B40AAF-F18A-428E-9E78-CBE368EC9D81}.Release|Any CPU.ActiveCfg = Release|Any CPU
		{14B40AAF-F18A-428E-9E78-CBE368EC9D81}.Release|Any CPU.Build.0 = Release|Any CPU
		{909B81E4-55D0-4D66-8407-421EE0E1B40D}.Debug|Any CPU.ActiveCfg = Debug|Any CPU
		{909B81E4-55D0-4D66-8407-421EE0E1B40D}.Debug|Any CPU.Build.0 = Debug|Any CPU
		{909B81E4-55D0-4D66-8407-421EE0E1B40D}.Release|Any CPU.ActiveCfg = Release|Any CPU
		{909B81E4-55D0-4D66-8407-421EE0E1B40D}.Release|Any CPU.Build.0 = Release|Any CPU
		{C0ED52A6-F091-4C47-9EE1-3088C2502ED0}.Debug|Any CPU.ActiveCfg = Debug|Any CPU
		{C0ED52A6-F091-4C47-9EE1-3088C2502ED0}.Debug|Any CPU.Build.0 = Debug|Any CPU
		{C0ED52A6-F091-4C47-9EE1-3088C2502ED0}.Release|Any CPU.ActiveCfg = Release|Any CPU
		{C0ED52A6-F091-4C47-9EE1-3088C2502ED0}.Release|Any CPU.Build.0 = Release|Any CPU
		{D6AF98C6-69D3-48B2-A7B0-0A18FCCFEC21}.Debug|Any CPU.ActiveCfg = Debug|Any CPU
		{D6AF98C6-69D3-48B2-A7B0-0A18FCCFEC21}.Debug|Any CPU.Build.0 = Debug|Any CPU
		{D6AF98C6-69D3-48B2-A7B0-0A18FCCFEC21}.Release|Any CPU.ActiveCfg = Release|Any CPU
		{D6AF98C6-69D3-48B2-A7B0-0A18FCCFEC21}.Release|Any CPU.Build.0 = Release|Any CPU
		{6F633515-B5B9-40B6-B841-F60EDA2C8BB2}.Debug|Any CPU.ActiveCfg = Debug|Any CPU
		{6F633515-B5B9-40B6-B841-F60EDA2C8BB2}.Debug|Any CPU.Build.0 = Debug|Any CPU
		{6F633515-B5B9-40B6-B841-F60EDA2C8BB2}.Release|Any CPU.ActiveCfg = Release|Any CPU
		{6F633515-B5B9-40B6-B841-F60EDA2C8BB2}.Release|Any CPU.Build.0 = Release|Any CPU
		{29068E84-078B-40BA-8A9B-FCBA6D4002E7}.Debug|Any CPU.ActiveCfg = Debug|Any CPU
		{29068E84-078B-40BA-8A9B-FCBA6D4002E7}.Debug|Any CPU.Build.0 = Debug|Any CPU
		{29068E84-078B-40BA-8A9B-FCBA6D4002E7}.Release|Any CPU.ActiveCfg = Release|Any CPU
		{29068E84-078B-40BA-8A9B-FCBA6D4002E7}.Release|Any CPU.Build.0 = Release|Any CPU
		{3416CC9D-A43E-4F2D-A589-ACE44E446FDF}.Debug|Any CPU.ActiveCfg = Debug|Any CPU
		{3416CC9D-A43E-4F2D-A589-ACE44E446FDF}.Debug|Any CPU.Build.0 = Debug|Any CPU
		{3416CC9D-A43E-4F2D-A589-ACE44E446FDF}.Release|Any CPU.ActiveCfg = Release|Any CPU
		{3416CC9D-A43E-4F2D-A589-ACE44E446FDF}.Release|Any CPU.Build.0 = Release|Any CPU
		{E6C7EBD1-2694-444B-8797-03E6DD6D639E}.Debug|Any CPU.ActiveCfg = Debug|Any CPU
		{E6C7EBD1-2694-444B-8797-03E6DD6D639E}.Debug|Any CPU.Build.0 = Debug|Any CPU
		{E6C7EBD1-2694-444B-8797-03E6DD6D639E}.Release|Any CPU.ActiveCfg = Release|Any CPU
		{E6C7EBD1-2694-444B-8797-03E6DD6D639E}.Release|Any CPU.Build.0 = Release|Any CPU
		{11167F61-FDE7-44D7-873E-BDD235D41401}.Debug|Any CPU.ActiveCfg = Debug|Any CPU
		{11167F61-FDE7-44D7-873E-BDD235D41401}.Debug|Any CPU.Build.0 = Debug|Any CPU
		{11167F61-FDE7-44D7-873E-BDD235D41401}.Release|Any CPU.ActiveCfg = Release|Any CPU
		{11167F61-FDE7-44D7-873E-BDD235D41401}.Release|Any CPU.Build.0 = Release|Any CPU
		{6BC40CB9-E010-467D-881E-03ED5AF80A8E}.Debug|Any CPU.ActiveCfg = Debug|Any CPU
		{6BC40CB9-E010-467D-881E-03ED5AF80A8E}.Debug|Any CPU.Build.0 = Debug|Any CPU
		{6BC40CB9-E010-467D-881E-03ED5AF80A8E}.Release|Any CPU.ActiveCfg = Release|Any CPU
		{6BC40CB9-E010-467D-881E-03ED5AF80A8E}.Release|Any CPU.Build.0 = Release|Any CPU
		{C9CE8F43-5CF3-40CB-AFA6-22DCA7F47203}.Debug|Any CPU.ActiveCfg = Debug|Any CPU
		{C9CE8F43-5CF3-40CB-AFA6-22DCA7F47203}.Debug|Any CPU.Build.0 = Debug|Any CPU
		{C9CE8F43-5CF3-40CB-AFA6-22DCA7F47203}.Release|Any CPU.ActiveCfg = Release|Any CPU
		{C9CE8F43-5CF3-40CB-AFA6-22DCA7F47203}.Release|Any CPU.Build.0 = Release|Any CPU
		{A3B39F60-685C-4366-A2F2-BAF04997FC01}.Debug|Any CPU.ActiveCfg = Debug|Any CPU
		{A3B39F60-685C-4366-A2F2-BAF04997FC01}.Debug|Any CPU.Build.0 = Debug|Any CPU
		{A3B39F60-685C-4366-A2F2-BAF04997FC01}.Release|Any CPU.ActiveCfg = Release|Any CPU
		{A3B39F60-685C-4366-A2F2-BAF04997FC01}.Release|Any CPU.Build.0 = Release|Any CPU
		{C2BFE712-2B55-48A1-972D-632749A698B0}.Debug|Any CPU.ActiveCfg = Debug|Any CPU
		{C2BFE712-2B55-48A1-972D-632749A698B0}.Debug|Any CPU.Build.0 = Debug|Any CPU
		{C2BFE712-2B55-48A1-972D-632749A698B0}.Release|Any CPU.ActiveCfg = Release|Any CPU
		{C2BFE712-2B55-48A1-972D-632749A698B0}.Release|Any CPU.Build.0 = Release|Any CPU
		{ADAC2644-BC38-4027-8B95-175BD69EBC7F}.Debug|Any CPU.ActiveCfg = Debug|Any CPU
		{ADAC2644-BC38-4027-8B95-175BD69EBC7F}.Debug|Any CPU.Build.0 = Debug|Any CPU
		{ADAC2644-BC38-4027-8B95-175BD69EBC7F}.Release|Any CPU.ActiveCfg = Release|Any CPU
		{ADAC2644-BC38-4027-8B95-175BD69EBC7F}.Release|Any CPU.Build.0 = Release|Any CPU
		{2446EB36-2815-4F12-BC94-C592D85B384D}.Debug|Any CPU.ActiveCfg = Debug|Any CPU
		{2446EB36-2815-4F12-BC94-C592D85B384D}.Debug|Any CPU.Build.0 = Debug|Any CPU
		{2446EB36-2815-4F12-BC94-C592D85B384D}.Release|Any CPU.ActiveCfg = Release|Any CPU
		{2446EB36-2815-4F12-BC94-C592D85B384D}.Release|Any CPU.Build.0 = Release|Any CPU
		{4A7E7619-2DA2-485A-A783-BC089A10A60E}.Debug|Any CPU.ActiveCfg = Debug|Any CPU
		{4A7E7619-2DA2-485A-A783-BC089A10A60E}.Debug|Any CPU.Build.0 = Debug|Any CPU
		{4A7E7619-2DA2-485A-A783-BC089A10A60E}.Release|Any CPU.ActiveCfg = Release|Any CPU
		{4A7E7619-2DA2-485A-A783-BC089A10A60E}.Release|Any CPU.Build.0 = Release|Any CPU
		{51D9C40C-107A-484F-BEFA-A1879A29A271}.Debug|Any CPU.ActiveCfg = Debug|Any CPU
		{51D9C40C-107A-484F-BEFA-A1879A29A271}.Debug|Any CPU.Build.0 = Debug|Any CPU
		{51D9C40C-107A-484F-BEFA-A1879A29A271}.Release|Any CPU.ActiveCfg = Release|Any CPU
		{51D9C40C-107A-484F-BEFA-A1879A29A271}.Release|Any CPU.Build.0 = Release|Any CPU
		{01D82D0F-E19A-4421-8475-36B41C2BBC5F}.Debug|Any CPU.ActiveCfg = Debug|Any CPU
		{01D82D0F-E19A-4421-8475-36B41C2BBC5F}.Debug|Any CPU.Build.0 = Debug|Any CPU
		{01D82D0F-E19A-4421-8475-36B41C2BBC5F}.Release|Any CPU.ActiveCfg = Release|Any CPU
		{01D82D0F-E19A-4421-8475-36B41C2BBC5F}.Release|Any CPU.Build.0 = Release|Any CPU
		{B7EEB480-3673-4E58-B8C8-6506DA09B734}.Debug|Any CPU.ActiveCfg = Debug|Any CPU
		{B7EEB480-3673-4E58-B8C8-6506DA09B734}.Debug|Any CPU.Build.0 = Debug|Any CPU
		{B7EEB480-3673-4E58-B8C8-6506DA09B734}.Release|Any CPU.ActiveCfg = Release|Any CPU
		{B7EEB480-3673-4E58-B8C8-6506DA09B734}.Release|Any CPU.Build.0 = Release|Any CPU
		{CEA58390-DC29-4E5B-8A6A-205E3DD79CF9}.Debug|Any CPU.ActiveCfg = Debug|Any CPU
		{CEA58390-DC29-4E5B-8A6A-205E3DD79CF9}.Debug|Any CPU.Build.0 = Debug|Any CPU
		{CEA58390-DC29-4E5B-8A6A-205E3DD79CF9}.Release|Any CPU.ActiveCfg = Release|Any CPU
		{CEA58390-DC29-4E5B-8A6A-205E3DD79CF9}.Release|Any CPU.Build.0 = Release|Any CPU
		{722779FA-0BB0-48AB-921C-ED7498BD1928}.Debug|Any CPU.ActiveCfg = Debug|Any CPU
		{722779FA-0BB0-48AB-921C-ED7498BD1928}.Debug|Any CPU.Build.0 = Debug|Any CPU
		{722779FA-0BB0-48AB-921C-ED7498BD1928}.Release|Any CPU.ActiveCfg = Release|Any CPU
		{722779FA-0BB0-48AB-921C-ED7498BD1928}.Release|Any CPU.Build.0 = Release|Any CPU
		{55A4CD1A-5BC1-4ED9-B9A7-C3715A23D8DC}.Debug|Any CPU.ActiveCfg = Debug|Any CPU
		{55A4CD1A-5BC1-4ED9-B9A7-C3715A23D8DC}.Debug|Any CPU.Build.0 = Debug|Any CPU
		{55A4CD1A-5BC1-4ED9-B9A7-C3715A23D8DC}.Release|Any CPU.ActiveCfg = Release|Any CPU
		{55A4CD1A-5BC1-4ED9-B9A7-C3715A23D8DC}.Release|Any CPU.Build.0 = Release|Any CPU
		{A97AF588-C855-41A5-A99C-BF9D75035003}.Debug|Any CPU.ActiveCfg = Debug|Any CPU
		{A97AF588-C855-41A5-A99C-BF9D75035003}.Debug|Any CPU.Build.0 = Debug|Any CPU
		{A97AF588-C855-41A5-A99C-BF9D75035003}.Release|Any CPU.ActiveCfg = Release|Any CPU
		{A97AF588-C855-41A5-A99C-BF9D75035003}.Release|Any CPU.Build.0 = Release|Any CPU
		{E607D202-2094-49DF-BB26-4F2140C5181B}.Debug|Any CPU.ActiveCfg = Debug|Any CPU
		{E607D202-2094-49DF-BB26-4F2140C5181B}.Debug|Any CPU.Build.0 = Debug|Any CPU
		{E607D202-2094-49DF-BB26-4F2140C5181B}.Release|Any CPU.ActiveCfg = Release|Any CPU
		{E607D202-2094-49DF-BB26-4F2140C5181B}.Release|Any CPU.Build.0 = Release|Any CPU
		{08A64DC6-7C78-4B3D-9F50-77099BFDA749}.Debug|Any CPU.ActiveCfg = Debug|Any CPU
		{08A64DC6-7C78-4B3D-9F50-77099BFDA749}.Debug|Any CPU.Build.0 = Debug|Any CPU
		{08A64DC6-7C78-4B3D-9F50-77099BFDA749}.Release|Any CPU.ActiveCfg = Release|Any CPU
		{08A64DC6-7C78-4B3D-9F50-77099BFDA749}.Release|Any CPU.Build.0 = Release|Any CPU
	EndGlobalSection
	GlobalSection(SolutionProperties) = preSolution
		HideSolutionNode = FALSE
	EndGlobalSection
	GlobalSection(NestedProjects) = preSolution
		{3EB4A663-5BCA-4D88-A077-0216E068ED6C} = {D01E29BC-9E0C-4735-814A-9FC920D67621}
		{070A61D6-9101-46FF-9E4E-CFF86E9DBE92} = {D01E29BC-9E0C-4735-814A-9FC920D67621}
		{14B40AAF-F18A-428E-9E78-CBE368EC9D81} = {D01E29BC-9E0C-4735-814A-9FC920D67621}
		{909B81E4-55D0-4D66-8407-421EE0E1B40D} = {D01E29BC-9E0C-4735-814A-9FC920D67621}
		{C0ED52A6-F091-4C47-9EE1-3088C2502ED0} = {D01E29BC-9E0C-4735-814A-9FC920D67621}
		{D6AF98C6-69D3-48B2-A7B0-0A18FCCFEC21} = {D01E29BC-9E0C-4735-814A-9FC920D67621}
		{6F633515-B5B9-40B6-B841-F60EDA2C8BB2} = {D01E29BC-9E0C-4735-814A-9FC920D67621}
		{29068E84-078B-40BA-8A9B-FCBA6D4002E7} = {D01E29BC-9E0C-4735-814A-9FC920D67621}
		{3416CC9D-A43E-4F2D-A589-ACE44E446FDF} = {D01E29BC-9E0C-4735-814A-9FC920D67621}
		{E6C7EBD1-2694-444B-8797-03E6DD6D639E} = {D01E29BC-9E0C-4735-814A-9FC920D67621}
		{11167F61-FDE7-44D7-873E-BDD235D41401} = {D01E29BC-9E0C-4735-814A-9FC920D67621}
		{6BC40CB9-E010-467D-881E-03ED5AF80A8E} = {D01E29BC-9E0C-4735-814A-9FC920D67621}
		{C9CE8F43-5CF3-40CB-AFA6-22DCA7F47203} = {D01E29BC-9E0C-4735-814A-9FC920D67621}
		{A3B39F60-685C-4366-A2F2-BAF04997FC01} = {D01E29BC-9E0C-4735-814A-9FC920D67621}
		{C2BFE712-2B55-48A1-972D-632749A698B0} = {D01E29BC-9E0C-4735-814A-9FC920D67621}
		{ADAC2644-BC38-4027-8B95-175BD69EBC7F} = {D01E29BC-9E0C-4735-814A-9FC920D67621}
		{2446EB36-2815-4F12-BC94-C592D85B384D} = {D01E29BC-9E0C-4735-814A-9FC920D67621}
		{4A7E7619-2DA2-485A-A783-BC089A10A60E} = {D01E29BC-9E0C-4735-814A-9FC920D67621}
		{51D9C40C-107A-484F-BEFA-A1879A29A271} = {D01E29BC-9E0C-4735-814A-9FC920D67621}
		{01D82D0F-E19A-4421-8475-36B41C2BBC5F} = {D01E29BC-9E0C-4735-814A-9FC920D67621}
		{B7EEB480-3673-4E58-B8C8-6506DA09B734} = {D01E29BC-9E0C-4735-814A-9FC920D67621}
		{CEA58390-DC29-4E5B-8A6A-205E3DD79CF9} = {D01E29BC-9E0C-4735-814A-9FC920D67621}
		{722779FA-0BB0-48AB-921C-ED7498BD1928} = {D01E29BC-9E0C-4735-814A-9FC920D67621}
		{55A4CD1A-5BC1-4ED9-B9A7-C3715A23D8DC} = {D01E29BC-9E0C-4735-814A-9FC920D67621}
		{A97AF588-C855-41A5-A99C-BF9D75035003} = {D01E29BC-9E0C-4735-814A-9FC920D67621}
		{E607D202-2094-49DF-BB26-4F2140C5181B} = {D01E29BC-9E0C-4735-814A-9FC920D67621}
		{08A64DC6-7C78-4B3D-9F50-77099BFDA749} = {D01E29BC-9E0C-4735-814A-9FC920D67621}
	EndGlobalSection
	GlobalSection(ExtensibilityGlobals) = postSolution
		SolutionGuid = {9CFFCD40-D1DD-4C76-B841-DE78D05A526D}
	EndGlobalSection
EndGlobal
